schema: '2.0'
stages:
  train:
    cmd: python train.py
    deps:
    - path: data/MNIST
      md5: 0aed307494600d178fbdc0d000d6db38.dir
      size: 66544866
      nfiles: 10
    - path: train.py
      md5: d3cf46986f0faf10dba0404bec93e3a7
      size: 4620
    params:
      params.yaml:
        epochs: 15
        lr: 0.003
        weight_decay: 0
    outs:
    - path: model.pt
      md5: 17075b4a10c6a9b4c5c80f6253a06696
      size: 439383
    - path: training/metrics.json
      md5: 47378921880080fe32d61ed4405faa2b
      size: 68
    - path: training/plots/images
      md5: 2f2d0e915674b3e192db514bb9c9ef32.dir
      size: 33344
      nfiles: 1
    - path: training/plots/metrics
      md5: 0a0dd2beeee6c7194a15d72e94cbd1a4.dir
      size: 476
      nfiles: 2
    - path: training/plots/sklearn/confusion_matrix.json
      md5: 4a34b6528633c864d960e7c1588904ca
      size: 610002
