schema: '2.0'
stages:
  train:
    cmd: python train.py
    deps:
    - path: data/MNIST
      md5: 0aed307494600d178fbdc0d000d6db38.dir
      size: 66544866
      nfiles: 10
    - path: train.py
      md5: 320ca6d9295c24cc9e63ca5443cf088e
      size: 4864
    params:
      params.yaml:
        epochs: 15
        lr: 0.003
        weight_decay: 0
    outs:
    - path: misclassified.jpg
      md5: 1e5e45896e16b5cee6292761453f897b
      size: 32899
    - path: model.pt
      md5: 0ec4d57da441a334164587c979857888
      size: 439383
    - path: predictions.json
      md5: a951f297b742e3abbdf1832b56d71202
      size: 310000
    - path: training/metrics.json
      md5: 331b4a2bd7320769304f6fd28076e83e
      size: 69
    - path: training/plots
      md5: 0d091a88913176735b5a2af9492032ca.dir
      size: 473
      nfiles: 2
