schema: '2.0'
stages:
  train:
    cmd: python train.py
    deps:
    - path: data/MNIST
      md5: 0aed307494600d178fbdc0d000d6db38.dir
      size: 66544866
      nfiles: 10
    - path: train.py
      md5: 66a43eeec07e9b63f174d0e028e58634
      size: 5182
    params:
      params.yaml:
        epochs: 15
        lr: 0.0045
        weight_decay: 0
    outs:
    - path: hist.csv
      md5: 93e3aae56b91f61d3ac57ad55edf3522
      size: 78
    - path: model.pt
      md5: ba9b2c2320358378597b2a9b8e839e50
      size: 439383
    - path: training/metrics.json
      md5: a02d61baac260038aa6f1eaeba2fbd94
      size: 188
    - path: training/plots
      md5: 55902927c45eee06914c89a9b2050fec.dir
      size: 642310
      nfiles: 6
